
Microsoft Visual Studio Solution File, Format Version 12.00
# Visual Studio Version 17
VisualStudioVersion = 17.9.34902.65
MinimumVisualStudioVersion = 10.0.40219.1
Project("{FAE04EC0-301F-11D3-BF4B-00C04F79EFBC}") = "Molecules.Core", "Molecules.Core\Molecules.Core.csproj", "{F3241EC8-1F2E-4F04-B15F-34AAAC2A65C7}"
EndProject
Project("{FAE04EC0-301F-11D3-BF4B-00C04F79EFBC}") = "Molecules.Shared", "Molecules.Shared\Molecules.Shared.csproj", "{AB7434DA-2457-4AE4-AFED-80BC0D7069EA}"
EndProject
Project("{FAE04EC0-301F-11D3-BF4B-00C04F79EFBC}") = "Test.Molecules.Core", "Test.Molecules.Core\Test.Molecules.Core.csproj", "{B59EEC33-48F7-4E9D-97A5-FC5BCDBAFC15}"
EndProject
Project("{FAE04EC0-301F-11D3-BF4B-00C04F79EFBC}") = "Molecules.Logger", "Molecules.Logger\Molecules.Logger.csproj", "{8BCBED59-269E-4105-B554-4BD4EBF588CC}"
EndProject
Global
	GlobalSection(SolutionConfigurationPlatforms) = preSolution
		Debug|Any CPU = Debug|Any CPU
		Release|Any CPU = Release|Any CPU
	EndGlobalSection
	GlobalSection(ProjectConfigurationPlatforms) = postSolution
		{F3241EC8-1F2E-4F04-B15F-34AAAC2A65C7}.Debug|Any CPU.ActiveCfg = Debug|Any CPU
		{F3241EC8-1F2E-4F04-B15F-34AAAC2A65C7}.Debug|Any CPU.Build.0 = Debug|Any CPU
		{F3241EC8-1F2E-4F04-B15F-34AAAC2A65C7}.Release|Any CPU.ActiveCfg = Release|Any CPU
		{F3241EC8-1F2E-4F04-B15F-34AAAC2A65C7}.Release|Any CPU.Build.0 = Release|Any CPU
		{AB7434DA-2457-4AE4-AFED-80BC0D7069EA}.Debug|Any CPU.ActiveCfg = Debug|Any CPU
		{AB7434DA-2457-4AE4-AFED-80BC0D7069EA}.Debug|Any CPU.Build.0 = Debug|Any CPU
		{AB7434DA-2457-4AE4-AFED-80BC0D7069EA}.Release|Any CPU.ActiveCfg = Release|Any CPU
		{AB7434DA-2457-4AE4-AFED-80BC0D7069EA}.Release|Any CPU.Build.0 = Release|Any CPU
		{B59EEC33-48F7-4E9D-97A5-FC5BCDBAFC15}.Debug|Any CPU.ActiveCfg = Debug|Any CPU
		{B59EEC33-48F7-4E9D-97A5-FC5BCDBAFC15}.Debug|Any CPU.Build.0 = Debug|Any CPU
		{B59EEC33-48F7-4E9D-97A5-FC5BCDBAFC15}.Release|Any CPU.ActiveCfg = Release|Any CPU
		{B59EEC33-48F7-4E9D-97A5-FC5BCDBAFC15}.Release|Any CPU.Build.0 = Release|Any CPU
		{8BCBED59-269E-4105-B554-4BD4EBF588CC}.Debug|Any CPU.ActiveCfg = Debug|Any CPU
		{8BCBED59-269E-4105-B554-4BD4EBF588CC}.Debug|Any CPU.Build.0 = Debug|Any CPU
		{8BCBED59-269E-4105-B554-4BD4EBF588CC}.Release|Any CPU.ActiveCfg = Release|Any CPU
		{8BCBED59-269E-4105-B554-4BD4EBF588CC}.Release|Any CPU.Build.0 = Release|Any CPU
	EndGlobalSection
	GlobalSection(SolutionProperties) = preSolution
		HideSolutionNode = FALSE
	EndGlobalSection
	GlobalSection(ExtensibilityGlobals) = postSolution
		SolutionGuid = {BBE38A71-06D7-4C17-A72C-57798131ABFD}
	EndGlobalSection
EndGlobal
